
Microsoft Visual Studio Solution File, Format Version 12.00
# Visual Studio Version 16
VisualStudioVersion = 16.0.31410.357
MinimumVisualStudioVersion = 10.0.40219.1
Project("{FAE04EC0-301F-11D3-BF4B-00C04F79EFBC}") = "RestApiEcom", "RestApiEcom.csproj", "{1712213F-6504-4733-A397-E705CB17BEB8}"
EndProject
Global
	GlobalSection(SolutionConfigurationPlatforms) = preSolution
		Debug|Any CPU = Debug|Any CPU
		Release|Any CPU = Release|Any CPU
	EndGlobalSection
	GlobalSection(ProjectConfigurationPlatforms) = postSolution
		{1712213F-6504-4733-A397-E705CB17BEB8}.Debug|Any CPU.ActiveCfg = Debug|Any CPU
		{1712213F-6504-4733-A397-E705CB17BEB8}.Debug|Any CPU.Build.0 = Debug|Any CPU
		{1712213F-6504-4733-A397-E705CB17BEB8}.Release|Any CPU.ActiveCfg = Release|Any CPU
		{1712213F-6504-4733-A397-E705CB17BEB8}.Release|Any CPU.Build.0 = Release|Any CPU
	EndGlobalSection
	GlobalSection(SolutionProperties) = preSolution
		HideSolutionNode = FALSE
	EndGlobalSection
	GlobalSection(ExtensibilityGlobals) = postSolution
		SolutionGuid = {FF3603F9-0AE9-4F80-AE48-9C715DDB14EA}
	EndGlobalSection
EndGlobal
